
Microsoft Visual Studio Solution File, Format Version 12.00
# Visual Studio Version 17
VisualStudioVersion = 17.4.33110.190
MinimumVisualStudioVersion = 10.0.40219.1
Project("{9A19103F-16F7-4668-BE54-9A1E7A4F7556}") = "DanmakuPlayer", "DanmakuPlayer\DanmakuPlayer.csproj", "{F98BEEF2-9774-419D-AEAE-490C99E43BC0}"
EndProject
Project("{2150E333-8FDC-42A3-9474-1A3956D46DE8}") = "Solution Folder", "Solution Folder", "{B6E8C2A6-15D8-4406-AFEA-4A0EF01D192D}"
	ProjectSection(SolutionItems) = preProject
		.editorconfig = .editorconfig
		.gitignore = .gitignore
		LICENSE = LICENSE
		README.md = README.md
	EndProjectSection
EndProject
Global
	GlobalSection(SolutionConfigurationPlatforms) = preSolution
		Debug|Any CPU = Debug|Any CPU
		Release|Any CPU = Release|Any CPU
	EndGlobalSection
	GlobalSection(ProjectConfigurationPlatforms) = postSolution
		{F98BEEF2-9774-419D-AEAE-490C99E43BC0}.Debug|Any CPU.ActiveCfg = Debug|Any CPU
		{F98BEEF2-9774-419D-AEAE-490C99E43BC0}.Debug|Any CPU.Build.0 = Debug|Any CPU
		{F98BEEF2-9774-419D-AEAE-490C99E43BC0}.Release|Any CPU.ActiveCfg = Release|Any CPU
		{F98BEEF2-9774-419D-AEAE-490C99E43BC0}.Release|Any CPU.Build.0 = Release|Any CPU
	EndGlobalSection
	GlobalSection(SolutionProperties) = preSolution
		HideSolutionNode = FALSE
	EndGlobalSection
	GlobalSection(ExtensibilityGlobals) = postSolution
		SolutionGuid = {C48E1EE6-81B4-4D36-A87F-1B506FEE1997}
	EndGlobalSection
EndGlobal
